{
  "lockfileVersion": 1,
  "configVersion": 1,
  "workspaces": {
    "": {
      "name": "cardio-tracker-monorepo",
    },
    "packages/patient-registry": {
      "name": "@cardio-tracker/patient-registry",
      "version": "0.0.1",
      "dependencies": {
        "@cardio-tracker/shared-kernel": "workspace:*",
      },
      "peerDependencies": {
        "typescript": "^5",
      },
    },
    "packages/shared-kernel": {
      "name": "@cardio-tracker/shared-kernel",
      "version": "0.0.1",
      "peerDependencies": {
        "typescript": "^5",
      },
    },
  },
  "packages": {
    "@cardio-tracker/patient-registry": ["@cardio-tracker/patient-registry@workspace:packages/patient-registry"],

    "@cardio-tracker/shared-kernel": ["@cardio-tracker/shared-kernel@workspace:packages/shared-kernel"],

    "typescript": ["typescript@5.9.3", "", { "bin": { "tsc": "bin/tsc", "tsserver": "bin/tsserver" } }, "sha512-jl1vZzPDinLr9eUt3J/t7V6FgNEw9QjvBPdysz9KfQDD41fQrC2Y4vKQdiaUpFT4bXlb1RHhLpp8wtm6M5TgSw=="],
  }
}
